<?xml version="1.0" encoding="utf-8"?>
<Project ToolsVersion="18.0" xmlns="http://schemas.microsoft.com/developer/msbuild/2003">
  <ItemGroup>
    <ClCompile Include="C:\Users\Alexey\Desktop\min\vNE\vEPC\cli\vepc-cli.cpp">
      <Filter>Source Files</Filter>
    </ClCompile>
  </ItemGroup>
  <ItemGroup>
    <ClInclude Include="C:\Users\Alexey\Desktop\min\vNE\vEPC\cli\cli_server.h">
      <Filter>Header Files</Filter>
    </ClInclude>
  </ItemGroup>
  <ItemGroup>
    <CustomBuild Include="C:\Users\Alexey\Desktop\min\vNE\vEPC\CMakeLists.txt" />
  </ItemGroup>
  <ItemGroup>
    <Filter Include="Header Files">
      <UniqueIdentifier>{23E42BD9-A37C-376F-8167-DE80948E5C41}</UniqueIdentifier>
    </Filter>
    <Filter Include="Source Files">
      <UniqueIdentifier>{4CAF4D90-F224-3B09-87E2-63DF383804F7}</UniqueIdentifier>
    </Filter>
  </ItemGroup>
</Project>
